
Microsoft Visual Studio Solution File, Format Version 12.00
# Visual Studio Version 17
VisualStudioVersion = 17.2.32616.157
MinimumVisualStudioVersion = 10.0.40219.1
Project("{FAE04EC0-301F-11D3-BF4B-00C04F79EFBC}") = "OnlineStoreApi", "OnlineStoreApi\OnlineStoreApi.csproj", "{535E86F0-6A0F-4B3D-A37A-138726591A9B}"
EndProject
Project("{FAE04EC0-301F-11D3-BF4B-00C04F79EFBC}") = "Services.interFaces", "Services.interFaces\Services.interFaces.csproj", "{2084A22A-7B79-46E6-9955-2EF92F1A66F2}"
EndProject
Project("{FAE04EC0-301F-11D3-BF4B-00C04F79EFBC}") = "Services.Impl", "Services.Impl\Services.Impl.csproj", "{1D9743D0-178D-40F5-B908-FAC3A09A5D2C}"
EndProject
Project("{FAE04EC0-301F-11D3-BF4B-00C04F79EFBC}") = "OnlineStore.Model", "OnlineStore.Model\OnlineStore.Model.csproj", "{1B6E1C9C-5DBC-48A7-BF03-618AD05F2154}"
EndProject
Global
	GlobalSection(SolutionConfigurationPlatforms) = preSolution
		Debug|Any CPU = Debug|Any CPU
		Release|Any CPU = Release|Any CPU
	EndGlobalSection
	GlobalSection(ProjectConfigurationPlatforms) = postSolution
		{535E86F0-6A0F-4B3D-A37A-138726591A9B}.Debug|Any CPU.ActiveCfg = Debug|Any CPU
		{535E86F0-6A0F-4B3D-A37A-138726591A9B}.Debug|Any CPU.Build.0 = Debug|Any CPU
		{535E86F0-6A0F-4B3D-A37A-138726591A9B}.Release|Any CPU.ActiveCfg = Release|Any CPU
		{535E86F0-6A0F-4B3D-A37A-138726591A9B}.Release|Any CPU.Build.0 = Release|Any CPU
		{2084A22A-7B79-46E6-9955-2EF92F1A66F2}.Debug|Any CPU.ActiveCfg = Debug|Any CPU
		{2084A22A-7B79-46E6-9955-2EF92F1A66F2}.Debug|Any CPU.Build.0 = Debug|Any CPU
		{2084A22A-7B79-46E6-9955-2EF92F1A66F2}.Release|Any CPU.ActiveCfg = Release|Any CPU
		{2084A22A-7B79-46E6-9955-2EF92F1A66F2}.Release|Any CPU.Build.0 = Release|Any CPU
		{1D9743D0-178D-40F5-B908-FAC3A09A5D2C}.Debug|Any CPU.ActiveCfg = Debug|Any CPU
		{1D9743D0-178D-40F5-B908-FAC3A09A5D2C}.Debug|Any CPU.Build.0 = Debug|Any CPU
		{1D9743D0-178D-40F5-B908-FAC3A09A5D2C}.Release|Any CPU.ActiveCfg = Release|Any CPU
		{1D9743D0-178D-40F5-B908-FAC3A09A5D2C}.Release|Any CPU.Build.0 = Release|Any CPU
		{1B6E1C9C-5DBC-48A7-BF03-618AD05F2154}.Debug|Any CPU.ActiveCfg = Debug|Any CPU
		{1B6E1C9C-5DBC-48A7-BF03-618AD05F2154}.Debug|Any CPU.Build.0 = Debug|Any CPU
		{1B6E1C9C-5DBC-48A7-BF03-618AD05F2154}.Release|Any CPU.ActiveCfg = Release|Any CPU
		{1B6E1C9C-5DBC-48A7-BF03-618AD05F2154}.Release|Any CPU.Build.0 = Release|Any CPU
	EndGlobalSection
	GlobalSection(SolutionProperties) = preSolution
		HideSolutionNode = FALSE
	EndGlobalSection
	GlobalSection(ExtensibilityGlobals) = postSolution
		SolutionGuid = {A2C87F1E-AF9A-4FAE-9287-F39DDAAF92E0}
	EndGlobalSection
EndGlobal
